
Microsoft Visual Studio Solution File, Format Version 12.00
# Visual Studio Version 17
VisualStudioVersion = 17.8.34330.188
MinimumVisualStudioVersion = 10.0.40219.1
Project("{FAE04EC0-301F-11D3-BF4B-00C04F79EFBC}") = "Canvas", "Canvas\Canvas.csproj", "{07F06881-3915-466B-8632-2422D90F4FEC}"
EndProject
Global
	GlobalSection(SolutionConfigurationPlatforms) = preSolution
		Debug|Any CPU = Debug|Any CPU
		Release|Any CPU = Release|Any CPU
	EndGlobalSection
	GlobalSection(ProjectConfigurationPlatforms) = postSolution
		{07F06881-3915-466B-8632-2422D90F4FEC}.Debug|Any CPU.ActiveCfg = Debug|Any CPU
		{07F06881-3915-466B-8632-2422D90F4FEC}.Debug|Any CPU.Build.0 = Debug|Any CPU
		{07F06881-3915-466B-8632-2422D90F4FEC}.Debug|Any CPU.Deploy.0 = Debug|Any CPU
		{07F06881-3915-466B-8632-2422D90F4FEC}.Release|Any CPU.ActiveCfg = Release|Any CPU
		{07F06881-3915-466B-8632-2422D90F4FEC}.Release|Any CPU.Build.0 = Release|Any CPU
		{07F06881-3915-466B-8632-2422D90F4FEC}.Release|Any CPU.Deploy.0 = Release|Any CPU
	EndGlobalSection
	GlobalSection(SolutionProperties) = preSolution
		HideSolutionNode = FALSE
	EndGlobalSection
	GlobalSection(ExtensibilityGlobals) = postSolution
		SolutionGuid = {232FC76E-9734-481C-B6F5-83CCE80D2D3A}
	EndGlobalSection
EndGlobal
